
Microsoft Visual Studio Solution File, Format Version 12.00
# Visual Studio Version 17
VisualStudioVersion = 17.7.34031.279
MinimumVisualStudioVersion = 10.0.40219.1
Project("{9A19103F-16F7-4668-BE54-9A1E7A4F7556}") = "EnterpriseAsp.netCor03PL", "Assignment Asp.net cor 03\EnterpriseAsp.netCor03PL.csproj", "{6899F221-D1CF-42B6-8F51-4A553972768D}"
EndProject
Project("{9A19103F-16F7-4668-BE54-9A1E7A4F7556}") = "CompanyG02DAL", "CompanyG02DAL\CompanyG02DAL.csproj", "{4C06EDF5-26C0-467E-8615-A02A48B67187}"
EndProject
Project("{9A19103F-16F7-4668-BE54-9A1E7A4F7556}") = "CompanyG02BLL", "CompanyG02BLL\CompanyG02BLL.csproj", "{B1C9945E-49EA-4FC6-85D7-61870A2641A4}"
EndProject
Global
	GlobalSection(SolutionConfigurationPlatforms) = preSolution
		Debug|Any CPU = Debug|Any CPU
		Release|Any CPU = Release|Any CPU
	EndGlobalSection
	GlobalSection(ProjectConfigurationPlatforms) = postSolution
		{6899F221-D1CF-42B6-8F51-4A553972768D}.Debug|Any CPU.ActiveCfg = Debug|Any CPU
		{6899F221-D1CF-42B6-8F51-4A553972768D}.Debug|Any CPU.Build.0 = Debug|Any CPU
		{6899F221-D1CF-42B6-8F51-4A553972768D}.Release|Any CPU.ActiveCfg = Release|Any CPU
		{6899F221-D1CF-42B6-8F51-4A553972768D}.Release|Any CPU.Build.0 = Release|Any CPU
		{4C06EDF5-26C0-467E-8615-A02A48B67187}.Debug|Any CPU.ActiveCfg = Debug|Any CPU
		{4C06EDF5-26C0-467E-8615-A02A48B67187}.Debug|Any CPU.Build.0 = Debug|Any CPU
		{4C06EDF5-26C0-467E-8615-A02A48B67187}.Release|Any CPU.ActiveCfg = Release|Any CPU
		{4C06EDF5-26C0-467E-8615-A02A48B67187}.Release|Any CPU.Build.0 = Release|Any CPU
		{B1C9945E-49EA-4FC6-85D7-61870A2641A4}.Debug|Any CPU.ActiveCfg = Debug|Any CPU
		{B1C9945E-49EA-4FC6-85D7-61870A2641A4}.Debug|Any CPU.Build.0 = Debug|Any CPU
		{B1C9945E-49EA-4FC6-85D7-61870A2641A4}.Release|Any CPU.ActiveCfg = Release|Any CPU
		{B1C9945E-49EA-4FC6-85D7-61870A2641A4}.Release|Any CPU.Build.0 = Release|Any CPU
	EndGlobalSection
	GlobalSection(SolutionProperties) = preSolution
		HideSolutionNode = FALSE
	EndGlobalSection
	GlobalSection(ExtensibilityGlobals) = postSolution
		SolutionGuid = {4A192550-3CE7-4E51-A02B-28FE4FB48956}
	EndGlobalSection
EndGlobal
